// !$*UTF8*$!
{
	archiveVersion = 1;
	classes = {
	};
	objectVersion = 51;
	objects = {

/* Begin PBXBuildFile section */
		1EECAE0E13A43AECF229AC99 /* Pods_Weather_InfoTests.framework in Frameworks */ = {isa = PBXBuildFile; fileRef = C75214FFD9507C1EB97609F4 /* Pods_Weather_InfoTests.framework */; };
		4B91444926FC076500D3FCFC /* AppDelegate.swift in Sources */ = {isa = PBXBuildFile; fileRef = 4B91444826FC076500D3FCFC /* AppDelegate.swift */; };
		4B91444B26FC076500D3FCFC /* SceneDelegate.swift in Sources */ = {isa = PBXBuildFile; fileRef = 4B91444A26FC076500D3FCFC /* SceneDelegate.swift */; };
		4B91445026FC076500D3FCFC /* Main.storyboard in Resources */ = {isa = PBXBuildFile; fileRef = 4B91444E26FC076500D3FCFC /* Main.storyboard */; };
		4B91445226FC076600D3FCFC /* Assets.xcassets in Resources */ = {isa = PBXBuildFile; fileRef = 4B91445126FC076600D3FCFC /* Assets.xcassets */; };
		4B91445526FC076600D3FCFC /* LaunchScreen.storyboard in Resources */ = {isa = PBXBuildFile; fileRef = 4B91445326FC076600D3FCFC /* LaunchScreen.storyboard */; };
		4B91446026FC076600D3FCFC /* Weather_InfoTests.swift in Sources */ = {isa = PBXBuildFile; fileRef = 4B91445F26FC076600D3FCFC /* Weather_InfoTests.swift */; };
		4B91446B26FC076600D3FCFC /* Weather_InfoUITests.swift in Sources */ = {isa = PBXBuildFile; fileRef = 4B91446A26FC076600D3FCFC /* Weather_InfoUITests.swift */; };
		4B91447B26FC1B3300D3FCFC /* CitiesWeatherTableViewController.swift in Sources */ = {isa = PBXBuildFile; fileRef = 4B91447A26FC1B3300D3FCFC /* CitiesWeatherTableViewController.swift */; };
		4B91448026FC1BF900D3FCFC /* CitiesTableViewCell.swift in Sources */ = {isa = PBXBuildFile; fileRef = 4B91447F26FC1BF900D3FCFC /* CitiesTableViewCell.swift */; };
		4B91448226FC1C7300D3FCFC /* APIService.swift in Sources */ = {isa = PBXBuildFile; fileRef = 4B91448126FC1C7300D3FCFC /* APIService.swift */; };
		4B91448526FC1E3300D3FCFC /* ErrorResponce.swift in Sources */ = {isa = PBXBuildFile; fileRef = 4B91448426FC1E3300D3FCFC /* ErrorResponce.swift */; };
		4B91448826FC278100D3FCFC /* Weather.swift in Sources */ = {isa = PBXBuildFile; fileRef = 4B91448726FC278100D3FCFC /* Weather.swift */; };
		4B91448B26FC286600D3FCFC /* AppConstants.swift in Sources */ = {isa = PBXBuildFile; fileRef = 4B91448A26FC286600D3FCFC /* AppConstants.swift */; };
		4B91448E26FC2A7800D3FCFC /* WeatherViewModel.swift in Sources */ = {isa = PBXBuildFile; fileRef = 4B91448D26FC2A7800D3FCFC /* WeatherViewModel.swift */; };
		4B91449126FC321A00D3FCFC /* UIViewController+Extension.swift in Sources */ = {isa = PBXBuildFile; fileRef = 4B91449026FC321A00D3FCFC /* UIViewController+Extension.swift */; };
		4B91449526FC415600D3FCFC /* city.list.json in Resources */ = {isa = PBXBuildFile; fileRef = 4B91449426FC415600D3FCFC /* city.list.json */; };
		4B91449826FC4A3600D3FCFC /* CitiesViewController.swift in Sources */ = {isa = PBXBuildFile; fileRef = 4B91449726FC4A3600D3FCFC /* CitiesViewController.swift */; };
		4B91449C26FC4A9A00D3FCFC /* CityTableViewCell.swift in Sources */ = {isa = PBXBuildFile; fileRef = 4B91449B26FC4A9A00D3FCFC /* CityTableViewCell.swift */; };
		C154DCCA20FC8C43A29A69E2 /* Pods_Weather_Info_Weather_InfoUITests.framework in Frameworks */ = {isa = PBXBuildFile; fileRef = 328450F9C64ADE419B81191E /* Pods_Weather_Info_Weather_InfoUITests.framework */; };
		F6C4B5E9F78A21CBA68913DA /* Pods_Weather_Info.framework in Frameworks */ = {isa = PBXBuildFile; fileRef = FEAA7EC65779F9953ADEBF39 /* Pods_Weather_Info.framework */; };
/* End PBXBuildFile section */

/* Begin PBXContainerItemProxy section */
		4B91445C26FC076600D3FCFC /* PBXContainerItemProxy */ = {
			isa = PBXContainerItemProxy;
			containerPortal = 4B91443D26FC076500D3FCFC /* Project object */;
			proxyType = 1;
			remoteGlobalIDString = 4B91444426FC076500D3FCFC;
			remoteInfo = "Weather Info";
		};
		4B91446726FC076600D3FCFC /* PBXContainerItemProxy */ = {
			isa = PBXContainerItemProxy;
			containerPortal = 4B91443D26FC076500D3FCFC /* Project object */;
			proxyType = 1;
			remoteGlobalIDString = 4B91444426FC076500D3FCFC;
			remoteInfo = "Weather Info";
		};
/* End PBXContainerItemProxy section */

/* Begin PBXFileReference section */
		2B16D5CC7C6B8A0D2236AE05 /* Pods-Weather Info.debug.xcconfig */ = {isa = PBXFileReference; includeInIndex = 1; lastKnownFileType = text.xcconfig; name = "Pods-Weather Info.debug.xcconfig"; path = "Target Support Files/Pods-Weather Info/Pods-Weather Info.debug.xcconfig"; sourceTree = "<group>"; };
		328450F9C64ADE419B81191E /* Pods_Weather_Info_Weather_InfoUITests.framework */ = {isa = PBXFileReference; explicitFileType = wrapper.framework; includeInIndex = 0; path = Pods_Weather_Info_Weather_InfoUITests.framework; sourceTree = BUILT_PRODUCTS_DIR; };
		4B91444526FC076500D3FCFC /* Weather Info.app */ = {isa = PBXFileReference; explicitFileType = wrapper.application; includeInIndex = 0; path = "Weather Info.app"; sourceTree = BUILT_PRODUCTS_DIR; };
		4B91444826FC076500D3FCFC /* AppDelegate.swift */ = {isa = PBXFileReference; lastKnownFileType = sourcecode.swift; path = AppDelegate.swift; sourceTree = "<group>"; };
		4B91444A26FC076500D3FCFC /* SceneDelegate.swift */ = {isa = PBXFileReference; lastKnownFileType = sourcecode.swift; path = SceneDelegate.swift; sourceTree = "<group>"; };
		4B91444F26FC076500D3FCFC /* Base */ = {isa = PBXFileReference; lastKnownFileType = file.storyboard; name = Base; path = Base.lproj/Main.storyboard; sourceTree = "<group>"; };
		4B91445126FC076600D3FCFC /* Assets.xcassets */ = {isa = PBXFileReference; lastKnownFileType = folder.assetcatalog; path = Assets.xcassets; sourceTree = "<group>"; };
		4B91445426FC076600D3FCFC /* Base */ = {isa = PBXFileReference; lastKnownFileType = file.storyboard; name = Base; path = Base.lproj/LaunchScreen.storyboard; sourceTree = "<group>"; };
		4B91445626FC076600D3FCFC /* Info.plist */ = {isa = PBXFileReference; lastKnownFileType = text.plist.xml; path = Info.plist; sourceTree = "<group>"; };
		4B91445B26FC076600D3FCFC /* Weather InfoTests.xctest */ = {isa = PBXFileReference; explicitFileType = wrapper.cfbundle; includeInIndex = 0; path = "Weather InfoTests.xctest"; sourceTree = BUILT_PRODUCTS_DIR; };
		4B91445F26FC076600D3FCFC /* Weather_InfoTests.swift */ = {isa = PBXFileReference; lastKnownFileType = sourcecode.swift; path = Weather_InfoTests.swift; sourceTree = "<group>"; };
		4B91446126FC076600D3FCFC /* Info.plist */ = {isa = PBXFileReference; lastKnownFileType = text.plist.xml; path = Info.plist; sourceTree = "<group>"; };
		4B91446626FC076600D3FCFC /* Weather InfoUITests.xctest */ = {isa = PBXFileReference; explicitFileType = wrapper.cfbundle; includeInIndex = 0; path = "Weather InfoUITests.xctest"; sourceTree = BUILT_PRODUCTS_DIR; };
		4B91446A26FC076600D3FCFC /* Weather_InfoUITests.swift */ = {isa = PBXFileReference; lastKnownFileType = sourcecode.swift; path = Weather_InfoUITests.swift; sourceTree = "<group>"; };
		4B91446C26FC076600D3FCFC /* Info.plist */ = {isa = PBXFileReference; lastKnownFileType = text.plist.xml; path = Info.plist; sourceTree = "<group>"; };
		4B91447A26FC1B3300D3FCFC /* CitiesWeatherTableViewController.swift */ = {isa = PBXFileReference; lastKnownFileType = sourcecode.swift; path = CitiesWeatherTableViewController.swift; sourceTree = "<group>"; };
		4B91447F26FC1BF900D3FCFC /* CitiesTableViewCell.swift */ = {isa = PBXFileReference; lastKnownFileType = sourcecode.swift; path = CitiesTableViewCell.swift; sourceTree = "<group>"; };
		4B91448126FC1C7300D3FCFC /* APIService.swift */ = {isa = PBXFileReference; lastKnownFileType = sourcecode.swift; path = APIService.swift; sourceTree = "<group>"; };
		4B91448426FC1E3300D3FCFC /* ErrorResponce.swift */ = {isa = PBXFileReference; lastKnownFileType = sourcecode.swift; path = ErrorResponce.swift; sourceTree = "<group>"; };
		4B91448726FC278100D3FCFC /* Weather.swift */ = {isa = PBXFileReference; lastKnownFileType = sourcecode.swift; path = Weather.swift; sourceTree = "<group>"; };
		4B91448A26FC286600D3FCFC /* AppConstants.swift */ = {isa = PBXFileReference; lastKnownFileType = sourcecode.swift; path = AppConstants.swift; sourceTree = "<group>"; };
		4B91448D26FC2A7800D3FCFC /* WeatherViewModel.swift */ = {isa = PBXFileReference; lastKnownFileType = sourcecode.swift; path = WeatherViewModel.swift; sourceTree = "<group>"; };
		4B91449026FC321A00D3FCFC /* UIViewController+Extension.swift */ = {isa = PBXFileReference; lastKnownFileType = sourcecode.swift; path = "UIViewController+Extension.swift"; sourceTree = "<group>"; };
		4B91449426FC415600D3FCFC /* city.list.json */ = {isa = PBXFileReference; fileEncoding = 4; lastKnownFileType = text.json; path = city.list.json; sourceTree = "<group>"; };
		4B91449726FC4A3600D3FCFC /* CitiesViewController.swift */ = {isa = PBXFileReference; lastKnownFileType = sourcecode.swift; path = CitiesViewController.swift; sourceTree = "<group>"; };
		4B91449B26FC4A9A00D3FCFC /* CityTableViewCell.swift */ = {isa = PBXFileReference; lastKnownFileType = sourcecode.swift; path = CityTableViewCell.swift; sourceTree = "<group>"; };
		53C6B08F0997E3E647B6262B /* Pods-Weather InfoTests.release.xcconfig */ = {isa = PBXFileReference; includeInIndex = 1; lastKnownFileType = text.xcconfig; name = "Pods-Weather InfoTests.release.xcconfig"; path = "Target Support Files/Pods-Weather InfoTests/Pods-Weather InfoTests.release.xcconfig"; sourceTree = "<group>"; };
		609C9BF115F50F778E464F66 /* Pods-Weather Info-Weather InfoUITests.release.xcconfig */ = {isa = PBXFileReference; includeInIndex = 1; lastKnownFileType = text.xcconfig; name = "Pods-Weather Info-Weather InfoUITests.release.xcconfig"; path = "Target Support Files/Pods-Weather Info-Weather InfoUITests/Pods-Weather Info-Weather InfoUITests.release.xcconfig"; sourceTree = "<group>"; };
		82BE62B7F6283E3E64052918 /* Pods-Weather Info.release.xcconfig */ = {isa = PBXFileReference; includeInIndex = 1; lastKnownFileType = text.xcconfig; name = "Pods-Weather Info.release.xcconfig"; path = "Target Support Files/Pods-Weather Info/Pods-Weather Info.release.xcconfig"; sourceTree = "<group>"; };
		A9BF9AD19E5A9B1D41CD4C62 /* Pods-Weather Info-Weather InfoUITests.debug.xcconfig */ = {isa = PBXFileReference; includeInIndex = 1; lastKnownFileType = text.xcconfig; name = "Pods-Weather Info-Weather InfoUITests.debug.xcconfig"; path = "Target Support Files/Pods-Weather Info-Weather InfoUITests/Pods-Weather Info-Weather InfoUITests.debug.xcconfig"; sourceTree = "<group>"; };
		C75214FFD9507C1EB97609F4 /* Pods_Weather_InfoTests.framework */ = {isa = PBXFileReference; explicitFileType = wrapper.framework; includeInIndex = 0; path = Pods_Weather_InfoTests.framework; sourceTree = BUILT_PRODUCTS_DIR; };
		D1EC81A528092E2AF18A13AE /* Pods-Weather InfoTests.debug.xcconfig */ = {isa = PBXFileReference; includeInIndex = 1; lastKnownFileType = text.xcconfig; name = "Pods-Weather InfoTests.debug.xcconfig"; path = "Target Support Files/Pods-Weather InfoTests/Pods-Weather InfoTests.debug.xcconfig"; sourceTree = "<group>"; };
		FEAA7EC65779F9953ADEBF39 /* Pods_Weather_Info.framework */ = {isa = PBXFileReference; explicitFileType = wrapper.framework; includeInIndex = 0; path = Pods_Weather_Info.framework; sourceTree = BUILT_PRODUCTS_DIR; };
/* End PBXFileReference section */

/* Begin PBXFrameworksBuildPhase section */
		4B91444226FC076500D3FCFC /* Frameworks */ = {
			isa = PBXFrameworksBuildPhase;
			buildActionMask = 2147483647;
			files = (
				F6C4B5E9F78A21CBA68913DA /* Pods_Weather_Info.framework in Frameworks */,
			);
			runOnlyForDeploymentPostprocessing = 0;
		};
		4B91445826FC076600D3FCFC /* Frameworks */ = {
			isa = PBXFrameworksBuildPhase;
			buildActionMask = 2147483647;
			files = (
				1EECAE0E13A43AECF229AC99 /* Pods_Weather_InfoTests.framework in Frameworks */,
			);
			runOnlyForDeploymentPostprocessing = 0;
		};
		4B91446326FC076600D3FCFC /* Frameworks */ = {
			isa = PBXFrameworksBuildPhase;
			buildActionMask = 2147483647;
			files = (
				C154DCCA20FC8C43A29A69E2 /* Pods_Weather_Info_Weather_InfoUITests.framework in Frameworks */,
			);
			runOnlyForDeploymentPostprocessing = 0;
		};
/* End PBXFrameworksBuildPhase section */

/* Begin PBXGroup section */
		4B91443C26FC076500D3FCFC = {
			isa = PBXGroup;
			children = (
				4B91444726FC076500D3FCFC /* Weather Info */,
				4B91445E26FC076600D3FCFC /* Weather InfoTests */,
				4B91446926FC076600D3FCFC /* Weather InfoUITests */,
				4B91444626FC076500D3FCFC /* Products */,
				9DCA1C078C0AF05AAE060E8A /* Pods */,
				78AD6AE2AAE3DB5BA768C58D /* Frameworks */,
			);
			sourceTree = "<group>";
		};
		4B91444626FC076500D3FCFC /* Products */ = {
			isa = PBXGroup;
			children = (
				4B91444526FC076500D3FCFC /* Weather Info.app */,
				4B91445B26FC076600D3FCFC /* Weather InfoTests.xctest */,
				4B91446626FC076600D3FCFC /* Weather InfoUITests.xctest */,
			);
			name = Products;
			sourceTree = "<group>";
		};
		4B91444726FC076500D3FCFC /* Weather Info */ = {
			isa = PBXGroup;
			children = (
				4B91448C26FC2A6B00D3FCFC /* ViewModel */,
				4B91447C26FC1B5100D3FCFC /* Common */,
				4B91447926FC1AFC00D3FCFC /* ViewControllers */,
				4B91447826FC1AAC00D3FCFC /* Views */,
				4B91444826FC076500D3FCFC /* AppDelegate.swift */,
				4B91444A26FC076500D3FCFC /* SceneDelegate.swift */,
				4B91445126FC076600D3FCFC /* Assets.xcassets */,
				4B91445326FC076600D3FCFC /* LaunchScreen.storyboard */,
				4B91445626FC076600D3FCFC /* Info.plist */,
			);
			path = "Weather Info";
			sourceTree = "<group>";
		};
		4B91445E26FC076600D3FCFC /* Weather InfoTests */ = {
			isa = PBXGroup;
			children = (
				4B91445F26FC076600D3FCFC /* Weather_InfoTests.swift */,
				4B91446126FC076600D3FCFC /* Info.plist */,
			);
			path = "Weather InfoTests";
			sourceTree = "<group>";
		};
		4B91446926FC076600D3FCFC /* Weather InfoUITests */ = {
			isa = PBXGroup;
			children = (
				4B91446A26FC076600D3FCFC /* Weather_InfoUITests.swift */,
				4B91446C26FC076600D3FCFC /* Info.plist */,
			);
			path = "Weather InfoUITests";
			sourceTree = "<group>";
		};
		4B91447826FC1AAC00D3FCFC /* Views */ = {
			isa = PBXGroup;
			children = (
				4B91444E26FC076500D3FCFC /* Main.storyboard */,
			);
			path = Views;
			sourceTree = "<group>";
		};
		4B91447926FC1AFC00D3FCFC /* ViewControllers */ = {
			isa = PBXGroup;
			children = (
				4B91449626FC4A2400D3FCFC /* Cities */,
				4B91447E26FC1BE400D3FCFC /* Cities Weather */,
			);
			path = ViewControllers;
			sourceTree = "<group>";
		};
		4B91447C26FC1B5100D3FCFC /* Common */ = {
			isa = PBXGroup;
			children = (
				4B91448F26FC320700D3FCFC /* utils */,
				4B91448926FC285500D3FCFC /* AppConstants */,
				4B91447D26FC1B5800D3FCFC /* Network */,
			);
			path = Common;
			sourceTree = "<group>";
		};
		4B91447D26FC1B5800D3FCFC /* Network */ = {
			isa = PBXGroup;
			children = (
				4B91448626FC244300D3FCFC /* Model */,
				4B91448126FC1C7300D3FCFC /* APIService.swift */,
				4B91448426FC1E3300D3FCFC /* ErrorResponce.swift */,
			);
			path = Network;
			sourceTree = "<group>";
		};
		4B91447E26FC1BE400D3FCFC /* Cities Weather */ = {
			isa = PBXGroup;
			children = (
				4B91447A26FC1B3300D3FCFC /* CitiesWeatherTableViewController.swift */,
				4B91447F26FC1BF900D3FCFC /* CitiesTableViewCell.swift */,
			);
			path = "Cities Weather";
			sourceTree = "<group>";
		};
		4B91448626FC244300D3FCFC /* Model */ = {
			isa = PBXGroup;
			children = (
				4B91448726FC278100D3FCFC /* Weather.swift */,
			);
			path = Model;
			sourceTree = "<group>";
		};
		4B91448926FC285500D3FCFC /* AppConstants */ = {
			isa = PBXGroup;
			children = (
				4B91448A26FC286600D3FCFC /* AppConstants.swift */,
			);
			path = AppConstants;
			sourceTree = "<group>";
		};
		4B91448C26FC2A6B00D3FCFC /* ViewModel */ = {
			isa = PBXGroup;
			children = (
				4B91448D26FC2A7800D3FCFC /* WeatherViewModel.swift */,
			);
			path = ViewModel;
			sourceTree = "<group>";
		};
		4B91448F26FC320700D3FCFC /* utils */ = {
			isa = PBXGroup;
			children = (
				4B91449426FC415600D3FCFC /* city.list.json */,
				4B91449026FC321A00D3FCFC /* UIViewController+Extension.swift */,
			);
			path = utils;
			sourceTree = "<group>";
		};
		4B91449626FC4A2400D3FCFC /* Cities */ = {
			isa = PBXGroup;
			children = (
				4B91449726FC4A3600D3FCFC /* CitiesViewController.swift */,
				4B91449B26FC4A9A00D3FCFC /* CityTableViewCell.swift */,
			);
			path = Cities;
			sourceTree = "<group>";
		};
		78AD6AE2AAE3DB5BA768C58D /* Frameworks */ = {
			isa = PBXGroup;
			children = (
				FEAA7EC65779F9953ADEBF39 /* Pods_Weather_Info.framework */,
				328450F9C64ADE419B81191E /* Pods_Weather_Info_Weather_InfoUITests.framework */,
				C75214FFD9507C1EB97609F4 /* Pods_Weather_InfoTests.framework */,
			);
			name = Frameworks;
			sourceTree = "<group>";
		};
		9DCA1C078C0AF05AAE060E8A /* Pods */ = {
			isa = PBXGroup;
			children = (
				2B16D5CC7C6B8A0D2236AE05 /* Pods-Weather Info.debug.xcconfig */,
				82BE62B7F6283E3E64052918 /* Pods-Weather Info.release.xcconfig */,
				A9BF9AD19E5A9B1D41CD4C62 /* Pods-Weather Info-Weather InfoUITests.debug.xcconfig */,
				609C9BF115F50F778E464F66 /* Pods-Weather Info-Weather InfoUITests.release.xcconfig */,
				D1EC81A528092E2AF18A13AE /* Pods-Weather InfoTests.debug.xcconfig */,
				53C6B08F0997E3E647B6262B /* Pods-Weather InfoTests.release.xcconfig */,
			);
			path = Pods;
			sourceTree = "<group>";
		};
/* End PBXGroup section */

/* Begin PBXNativeTarget section */
		4B91444426FC076500D3FCFC /* Weather Info */ = {
			isa = PBXNativeTarget;
			buildConfigurationList = 4B91446F26FC076600D3FCFC /* Build configuration list for PBXNativeTarget "Weather Info" */;
			buildPhases = (
				BA22340A053B9A2D44F95474 /* [CP] Check Pods Manifest.lock */,
				4B91444126FC076500D3FCFC /* Sources */,
				4B91444226FC076500D3FCFC /* Frameworks */,
				4B91444326FC076500D3FCFC /* Resources */,
				13E8D3980469AB9EC06C6783 /* [CP] Embed Pods Frameworks */,
			);
			buildRules = (
			);
			dependencies = (
			);
			name = "Weather Info";
			productName = "Weather Info";
			productReference = 4B91444526FC076500D3FCFC /* Weather Info.app */;
			productType = "com.apple.product-type.application";
		};
		4B91445A26FC076600D3FCFC /* Weather InfoTests */ = {
			isa = PBXNativeTarget;
			buildConfigurationList = 4B91447226FC076600D3FCFC /* Build configuration list for PBXNativeTarget "Weather InfoTests" */;
			buildPhases = (
				3CF308CDE996D0B38598CD33 /* [CP] Check Pods Manifest.lock */,
				4B91445726FC076600D3FCFC /* Sources */,
				4B91445826FC076600D3FCFC /* Frameworks */,
				4B91445926FC076600D3FCFC /* Resources */,
			);
			buildRules = (
			);
			dependencies = (
				4B91445D26FC076600D3FCFC /* PBXTargetDependency */,
			);
			name = "Weather InfoTests";
			productName = "Weather InfoTests";
			productReference = 4B91445B26FC076600D3FCFC /* Weather InfoTests.xctest */;
			productType = "com.apple.product-type.bundle.unit-test";
		};
		4B91446526FC076600D3FCFC /* Weather InfoUITests */ = {
			isa = PBXNativeTarget;
			buildConfigurationList = 4B91447526FC076600D3FCFC /* Build configuration list for PBXNativeTarget "Weather InfoUITests" */;
			buildPhases = (
				4D06766C66679BD14A7E0444 /* [CP] Check Pods Manifest.lock */,
				4B91446226FC076600D3FCFC /* Sources */,
				4B91446326FC076600D3FCFC /* Frameworks */,
				4B91446426FC076600D3FCFC /* Resources */,
				E620FB83F80697B7C206BE82 /* [CP] Embed Pods Frameworks */,
			);
			buildRules = (
			);
			dependencies = (
				4B91446826FC076600D3FCFC /* PBXTargetDependency */,
			);
			name = "Weather InfoUITests";
			productName = "Weather InfoUITests";
			productReference = 4B91446626FC076600D3FCFC /* Weather InfoUITests.xctest */;
			productType = "com.apple.product-type.bundle.ui-testing";
		};
/* End PBXNativeTarget section */

/* Begin PBXProject section */
		4B91443D26FC076500D3FCFC /* Project object */ = {
			isa = PBXProject;
			attributes = {
				LastSwiftUpdateCheck = 1250;
				LastUpgradeCheck = 1250;
				TargetAttributes = {
					4B91444426FC076500D3FCFC = {
						CreatedOnToolsVersion = 12.5.1;
					};
					4B91445A26FC076600D3FCFC = {
						CreatedOnToolsVersion = 12.5.1;
						TestTargetID = 4B91444426FC076500D3FCFC;
					};
					4B91446526FC076600D3FCFC = {
						CreatedOnToolsVersion = 12.5.1;
						TestTargetID = 4B91444426FC076500D3FCFC;
					};
				};
			};
			buildConfigurationList = 4B91444026FC076500D3FCFC /* Build configuration list for PBXProject "Weather Info" */;
			compatibilityVersion = "Xcode 9.3";
			developmentRegion = en;
			hasScannedForEncodings = 0;
			knownRegions = (
				en,
				Base,
			);
			mainGroup = 4B91443C26FC076500D3FCFC;
			productRefGroup = 4B91444626FC076500D3FCFC /* Products */;
			projectDirPath = "";
			projectRoot = "";
			targets = (
				4B91444426FC076500D3FCFC /* Weather Info */,
				4B91445A26FC076600D3FCFC /* Weather InfoTests */,
				4B91446526FC076600D3FCFC /* Weather InfoUITests */,
			);
		};
/* End PBXProject section */

/* Begin PBXResourcesBuildPhase section */
		4B91444326FC076500D3FCFC /* Resources */ = {
			isa = PBXResourcesBuildPhase;
			buildActionMask = 2147483647;
			files = (
				4B91445526FC076600D3FCFC /* LaunchScreen.storyboard in Resources */,
				4B91449526FC415600D3FCFC /* city.list.json in Resources */,
				4B91445226FC076600D3FCFC /* Assets.xcassets in Resources */,
				4B91445026FC076500D3FCFC /* Main.storyboard in Resources */,
			);
			runOnlyForDeploymentPostprocessing = 0;
		};
		4B91445926FC076600D3FCFC /* Resources */ = {
			isa = PBXResourcesBuildPhase;
			buildActionMask = 2147483647;
			files = (
			);
			runOnlyForDeploymentPostprocessing = 0;
		};
		4B91446426FC076600D3FCFC /* Resources */ = {
			isa = PBXResourcesBuildPhase;
			buildActionMask = 2147483647;
			files = (
			);
			runOnlyForDeploymentPostprocessing = 0;
		};
/* End PBXResourcesBuildPhase section */

/* Begin PBXShellScriptBuildPhase section */
		13E8D3980469AB9EC06C6783 /* [CP] Embed Pods Frameworks */ = {
			isa = PBXShellScriptBuildPhase;
			buildActionMask = 2147483647;
			files = (
			);
			inputFileListPaths = (
				"${PODS_ROOT}/Target Support Files/Pods-Weather Info/Pods-Weather Info-frameworks-${CONFIGURATION}-input-files.xcfilelist",
			);
			name = "[CP] Embed Pods Frameworks";
			outputFileListPaths = (
				"${PODS_ROOT}/Target Support Files/Pods-Weather Info/Pods-Weather Info-frameworks-${CONFIGURATION}-output-files.xcfilelist",
			);
			runOnlyForDeploymentPostprocessing = 0;
			shellPath = /bin/sh;
			shellScript = "\"${PODS_ROOT}/Target Support Files/Pods-Weather Info/Pods-Weather Info-frameworks.sh\"\n";
			showEnvVarsInLog = 0;
		};
		3CF308CDE996D0B38598CD33 /* [CP] Check Pods Manifest.lock */ = {
			isa = PBXShellScriptBuildPhase;
			buildActionMask = 2147483647;
			files = (
			);
			inputFileListPaths = (
			);
			inputPaths = (
				"${PODS_PODFILE_DIR_PATH}/Podfile.lock",
				"${PODS_ROOT}/Manifest.lock",
			);
			name = "[CP] Check Pods Manifest.lock";
			outputFileListPaths = (
			);
			outputPaths = (
				"$(DERIVED_FILE_DIR)/Pods-Weather InfoTests-checkManifestLockResult.txt",
			);
			runOnlyForDeploymentPostprocessing = 0;
			shellPath = /bin/sh;
			shellScript = "diff \"${PODS_PODFILE_DIR_PATH}/Podfile.lock\" \"${PODS_ROOT}/Manifest.lock\" > /dev/null\nif [ $? != 0 ] ; then\n    # print error to STDERR\n    echo \"error: The sandbox is not in sync with the Podfile.lock. Run 'pod install' or update your CocoaPods installation.\" >&2\n    exit 1\nfi\n# This output is used by Xcode 'outputs' to avoid re-running this script phase.\necho \"SUCCESS\" > \"${SCRIPT_OUTPUT_FILE_0}\"\n";
			showEnvVarsInLog = 0;
		};
		4D06766C66679BD14A7E0444 /* [CP] Check Pods Manifest.lock */ = {
			isa = PBXShellScriptBuildPhase;
			buildActionMask = 2147483647;
			files = (
			);
			inputFileListPaths = (
			);
			inputPaths = (
				"${PODS_PODFILE_DIR_PATH}/Podfile.lock",
				"${PODS_ROOT}/Manifest.lock",
			);
			name = "[CP] Check Pods Manifest.lock";
			outputFileListPaths = (
			);
			outputPaths = (
				"$(DERIVED_FILE_DIR)/Pods-Weather Info-Weather InfoUITests-checkManifestLockResult.txt",
			);
			runOnlyForDeploymentPostprocessing = 0;
			shellPath = /bin/sh;
			shellScript = "diff \"${PODS_PODFILE_DIR_PATH}/Podfile.lock\" \"${PODS_ROOT}/Manifest.lock\" > /dev/null\nif [ $? != 0 ] ; then\n    # print error to STDERR\n    echo \"error: The sandbox is not in sync with the Podfile.lock. Run 'pod install' or update your CocoaPods installation.\" >&2\n    exit 1\nfi\n# This output is used by Xcode 'outputs' to avoid re-running this script phase.\necho \"SUCCESS\" > \"${SCRIPT_OUTPUT_FILE_0}\"\n";
			showEnvVarsInLog = 0;
		};
		BA22340A053B9A2D44F95474 /* [CP] Check Pods Manifest.lock */ = {
			isa = PBXShellScriptBuildPhase;
			buildActionMask = 2147483647;
			files = (
			);
			inputFileListPaths = (
			);
			inputPaths = (
				"${PODS_PODFILE_DIR_PATH}/Podfile.lock",
				"${PODS_ROOT}/Manifest.lock",
			);
			name = "[CP] Check Pods Manifest.lock";
			outputFileListPaths = (
			);
			outputPaths = (
				"$(DERIVED_FILE_DIR)/Pods-Weather Info-checkManifestLockResult.txt",
			);
			runOnlyForDeploymentPostprocessing = 0;
			shellPath = /bin/sh;
			shellScript = "diff \"${PODS_PODFILE_DIR_PATH}/Podfile.lock\" \"${PODS_ROOT}/Manifest.lock\" > /dev/null\nif [ $? != 0 ] ; then\n    # print error to STDERR\n    echo \"error: The sandbox is not in sync with the Podfile.lock. Run 'pod install' or update your CocoaPods installation.\" >&2\n    exit 1\nfi\n# This output is used by Xcode 'outputs' to avoid re-running this script phase.\necho \"SUCCESS\" > \"${SCRIPT_OUTPUT_FILE_0}\"\n";
			showEnvVarsInLog = 0;
		};
		E620FB83F80697B7C206BE82 /* [CP] Embed Pods Frameworks */ = {
			isa = PBXShellScriptBuildPhase;
			buildActionMask = 2147483647;
			files = (
			);
			inputFileListPaths = (
				"${PODS_ROOT}/Target Support Files/Pods-Weather Info-Weather InfoUITests/Pods-Weather Info-Weather InfoUITests-frameworks-${CONFIGURATION}-input-files.xcfilelist",
			);
			name = "[CP] Embed Pods Frameworks";
			outputFileListPaths = (
				"${PODS_ROOT}/Target Support Files/Pods-Weather Info-Weather InfoUITests/Pods-Weather Info-Weather InfoUITests-frameworks-${CONFIGURATION}-output-files.xcfilelist",
			);
			runOnlyForDeploymentPostprocessing = 0;
			shellPath = /bin/sh;
			shellScript = "\"${PODS_ROOT}/Target Support Files/Pods-Weather Info-Weather InfoUITests/Pods-Weather Info-Weather InfoUITests-frameworks.sh\"\n";
			showEnvVarsInLog = 0;
		};
/* End PBXShellScriptBuildPhase section */

/* Begin PBXSourcesBuildPhase section */
		4B91444126FC076500D3FCFC /* Sources */ = {
			isa = PBXSourcesBuildPhase;
			buildActionMask = 2147483647;
			files = (
				4B91449826FC4A3600D3FCFC /* CitiesViewController.swift in Sources */,
				4B91448026FC1BF900D3FCFC /* CitiesTableViewCell.swift in Sources */,
				4B91448E26FC2A7800D3FCFC /* WeatherViewModel.swift in Sources */,
				4B91448226FC1C7300D3FCFC /* APIService.swift in Sources */,
				4B91444926FC076500D3FCFC /* AppDelegate.swift in Sources */,
				4B91448B26FC286600D3FCFC /* AppConstants.swift in Sources */,
				4B91449C26FC4A9A00D3FCFC /* CityTableViewCell.swift in Sources */,
				4B91444B26FC076500D3FCFC /* SceneDelegate.swift in Sources */,
				4B91447B26FC1B3300D3FCFC /* CitiesWeatherTableViewController.swift in Sources */,
				4B91448526FC1E3300D3FCFC /* ErrorResponce.swift in Sources */,
				4B91449126FC321A00D3FCFC /* UIViewController+Extension.swift in Sources */,
				4B91448826FC278100D3FCFC /* Weather.swift in Sources */,
			);
			runOnlyForDeploymentPostprocessing = 0;
		};
		4B91445726FC076600D3FCFC /* Sources */ = {
			isa = PBXSourcesBuildPhase;
			buildActionMask = 2147483647;
			files = (
				4B91446026FC076600D3FCFC /* Weather_InfoTests.swift in Sources */,
			);
			runOnlyForDeploymentPostprocessing = 0;
		};
		4B91446226FC076600D3FCFC /* Sources */ = {
			isa = PBXSourcesBuildPhase;
			buildActionMask = 2147483647;
			files = (
				4B91446B26FC076600D3FCFC /* Weather_InfoUITests.swift in Sources */,
			);
			runOnlyForDeploymentPostprocessing = 0;
		};
/* End PBXSourcesBuildPhase section */

/* Begin PBXTargetDependency section */
		4B91445D26FC076600D3FCFC /* PBXTargetDependency */ = {
			isa = PBXTargetDependency;
			target = 4B91444426FC076500D3FCFC /* Weather Info */;
			targetProxy = 4B91445C26FC076600D3FCFC /* PBXContainerItemProxy */;
		};
		4B91446826FC076600D3FCFC /* PBXTargetDependency */ = {
			isa = PBXTargetDependency;
			target = 4B91444426FC076500D3FCFC /* Weather Info */;
			targetProxy = 4B91446726FC076600D3FCFC /* PBXContainerItemProxy */;
		};
/* End PBXTargetDependency section */

/* Begin PBXVariantGroup section */
		4B91444E26FC076500D3FCFC /* Main.storyboard */ = {
			isa = PBXVariantGroup;
			children = (
				4B91444F26FC076500D3FCFC /* Base */,
			);
			name = Main.storyboard;
			sourceTree = "<group>";
		};
		4B91445326FC076600D3FCFC /* LaunchScreen.storyboard */ = {
			isa = PBXVariantGroup;
			children = (
				4B91445426FC076600D3FCFC /* Base */,
			);
			name = LaunchScreen.storyboard;
			sourceTree = "<group>";
		};
/* End PBXVariantGroup section */

/* Begin XCBuildConfiguration section */
		4B91446D26FC076600D3FCFC /* Debug */ = {
			isa = XCBuildConfiguration;
			buildSettings = {
				ALWAYS_SEARCH_USER_PATHS = NO;
				CLANG_ANALYZER_NONNULL = YES;
				CLANG_ANALYZER_NUMBER_OBJECT_CONVERSION = YES_AGGRESSIVE;
				CLANG_CXX_LANGUAGE_STANDARD = "gnu++14";
				CLANG_CXX_LIBRARY = "libc++";
				CLANG_ENABLE_MODULES = YES;
				CLANG_ENABLE_OBJC_ARC = YES;
				CLANG_ENABLE_OBJC_WEAK = YES;
				CLANG_WARN_BLOCK_CAPTURE_AUTORELEASING = YES;
				CLANG_WARN_BOOL_CONVERSION = YES;
				CLANG_WARN_COMMA = YES;
				CLANG_WARN_CONSTANT_CONVERSION = YES;
				CLANG_WARN_DEPRECATED_OBJC_IMPLEMENTATIONS = YES;
				CLANG_WARN_DIRECT_OBJC_ISA_USAGE = YES_ERROR;
				CLANG_WARN_DOCUMENTATION_COMMENTS = YES;
				CLANG_WARN_EMPTY_BODY = YES;
				CLANG_WARN_ENUM_CONVERSION = YES;
				CLANG_WARN_INFINITE_RECURSION = YES;
				CLANG_WARN_INT_CONVERSION = YES;
				CLANG_WARN_NON_LITERAL_NULL_CONVERSION = YES;
				CLANG_WARN_OBJC_IMPLICIT_RETAIN_SELF = YES;
				CLANG_WARN_OBJC_LITERAL_CONVERSION = YES;
				CLANG_WARN_OBJC_ROOT_CLASS = YES_ERROR;
				CLANG_WARN_QUOTED_INCLUDE_IN_FRAMEWORK_HEADER = YES;
				CLANG_WARN_RANGE_LOOP_ANALYSIS = YES;
				CLANG_WARN_STRICT_PROTOTYPES = YES;
				CLANG_WARN_SUSPICIOUS_MOVE = YES;
				CLANG_WARN_UNGUARDED_AVAILABILITY = YES_AGGRESSIVE;
				CLANG_WARN_UNREACHABLE_CODE = YES;
				CLANG_WARN__DUPLICATE_METHOD_MATCH = YES;
				COPY_PHASE_STRIP = NO;
				DEBUG_INFORMATION_FORMAT = dwarf;
				ENABLE_STRICT_OBJC_MSGSEND = YES;
				ENABLE_TESTABILITY = YES;
				GCC_C_LANGUAGE_STANDARD = gnu11;
				GCC_DYNAMIC_NO_PIC = NO;
				GCC_NO_COMMON_BLOCKS = YES;
				GCC_OPTIMIZATION_LEVEL = 0;
				GCC_PREPROCESSOR_DEFINITIONS = (
					"DEBUG=1",
					"$(inherited)",
				);
				GCC_WARN_64_TO_32_BIT_CONVERSION = YES;
				GCC_WARN_ABOUT_RETURN_TYPE = YES_ERROR;
				GCC_WARN_UNDECLARED_SELECTOR = YES;
				GCC_WARN_UNINITIALIZED_AUTOS = YES_AGGRESSIVE;
				GCC_WARN_UNUSED_FUNCTION = YES;
				GCC_WARN_UNUSED_VARIABLE = YES;
				IPHONEOS_DEPLOYMENT_TARGET = 14.5;
				MTL_ENABLE_DEBUG_INFO = INCLUDE_SOURCE;
				MTL_FAST_MATH = YES;
				ONLY_ACTIVE_ARCH = YES;
				SDKROOT = iphoneos;
				SWIFT_ACTIVE_COMPILATION_CONDITIONS = DEBUG;
				SWIFT_OPTIMIZATION_LEVEL = "-Onone";
			};
			name = Debug;
		};
		4B91446E26FC076600D3FCFC /* Release */ = {
			isa = XCBuildConfiguration;
			buildSettings = {
				ALWAYS_SEARCH_USER_PATHS = NO;
				CLANG_ANALYZER_NONNULL = YES;
				CLANG_ANALYZER_NUMBER_OBJECT_CONVERSION = YES_AGGRESSIVE;
				CLANG_CXX_LANGUAGE_STANDARD = "gnu++14";
				CLANG_CXX_LIBRARY = "libc++";
				CLANG_ENABLE_MODULES = YES;
				CLANG_ENABLE_OBJC_ARC = YES;
				CLANG_ENABLE_OBJC_WEAK = YES;
				CLANG_WARN_BLOCK_CAPTURE_AUTORELEASING = YES;
				CLANG_WARN_BOOL_CONVERSION = YES;
				CLANG_WARN_COMMA = YES;
				CLANG_WARN_CONSTANT_CONVERSION = YES;
				CLANG_WARN_DEPRECATED_OBJC_IMPLEMENTATIONS = YES;
				CLANG_WARN_DIRECT_OBJC_ISA_USAGE = YES_ERROR;
				CLANG_WARN_DOCUMENTATION_COMMENTS = YES;
				CLANG_WARN_EMPTY_BODY = YES;
				CLANG_WARN_ENUM_CONVERSION = YES;
				CLANG_WARN_INFINITE_RECURSION = YES;
				CLANG_WARN_INT_CONVERSION = YES;
				CLANG_WARN_NON_LITERAL_NULL_CONVERSION = YES;
				CLANG_WARN_OBJC_IMPLICIT_RETAIN_SELF = YES;
				CLANG_WARN_OBJC_LITERAL_CONVERSION = YES;
				CLANG_WARN_OBJC_ROOT_CLASS = YES_ERROR;
				CLANG_WARN_QUOTED_INCLUDE_IN_FRAMEWORK_HEADER = YES;
				CLANG_WARN_RANGE_LOOP_ANALYSIS = YES;
				CLANG_WARN_STRICT_PROTOTYPES = YES;
				CLANG_WARN_SUSPICIOUS_MOVE = YES;
				CLANG_WARN_UNGUARDED_AVAILABILITY = YES_AGGRESSIVE;
				CLANG_WARN_UNREACHABLE_CODE = YES;
				CLANG_WARN__DUPLICATE_METHOD_MATCH = YES;
				COPY_PHASE_STRIP = NO;
				DEBUG_INFORMATION_FORMAT = "dwarf-with-dsym";
				ENABLE_NS_ASSERTIONS = NO;
				ENABLE_STRICT_OBJC_MSGSEND = YES;
				GCC_C_LANGUAGE_STANDARD = gnu11;
				GCC_NO_COMMON_BLOCKS = YES;
				GCC_WARN_64_TO_32_BIT_CONVERSION = YES;
				GCC_WARN_ABOUT_RETURN_TYPE = YES_ERROR;
				GCC_WARN_UNDECLARED_SELECTOR = YES;
				GCC_WARN_UNINITIALIZED_AUTOS = YES_AGGRESSIVE;
				GCC_WARN_UNUSED_FUNCTION = YES;
				GCC_WARN_UNUSED_VARIABLE = YES;
				IPHONEOS_DEPLOYMENT_TARGET = 14.5;
				MTL_ENABLE_DEBUG_INFO = NO;
				MTL_FAST_MATH = YES;
				SDKROOT = iphoneos;
				SWIFT_COMPILATION_MODE = wholemodule;
				SWIFT_OPTIMIZATION_LEVEL = "-O";
				VALIDATE_PRODUCT = YES;
			};
			name = Release;
		};
		4B91447026FC076600D3FCFC /* Debug */ = {
			isa = XCBuildConfiguration;
			baseConfigurationReference = 2B16D5CC7C6B8A0D2236AE05 /* Pods-Weather Info.debug.xcconfig */;
			buildSettings = {
				ASSETCATALOG_COMPILER_APPICON_NAME = AppIcon;
				ASSETCATALOG_COMPILER_GLOBAL_ACCENT_COLOR_NAME = AccentColor;
				CODE_SIGN_STYLE = Automatic;
				DEVELOPMENT_TEAM = 9QGAX4ZPQ5;
				INFOPLIST_FILE = "Weather Info/Info.plist";
				LD_RUNPATH_SEARCH_PATHS = (
					"$(inherited)",
					"@executable_path/Frameworks",
				);
				PRODUCT_BUNDLE_IDENTIFIER = "com.omer.Weather-Info";
				PRODUCT_NAME = "$(TARGET_NAME)";
				SWIFT_VERSION = 5.0;
				TARGETED_DEVICE_FAMILY = "1,2";
			};
			name = Debug;
		};
		4B91447126FC076600D3FCFC /* Release */ = {
			isa = XCBuildConfiguration;
			baseConfigurationReference = 82BE62B7F6283E3E64052918 /* Pods-Weather Info.release.xcconfig */;
			buildSettings = {
				ASSETCATALOG_COMPILER_APPICON_NAME = AppIcon;
				ASSETCATALOG_COMPILER_GLOBAL_ACCENT_COLOR_NAME = AccentColor;
				CODE_SIGN_STYLE = Automatic;
				DEVELOPMENT_TEAM = 9QGAX4ZPQ5;
				INFOPLIST_FILE = "Weather Info/Info.plist";
				LD_RUNPATH_SEARCH_PATHS = (
					"$(inherited)",
					"@executable_path/Frameworks",
				);
				PRODUCT_BUNDLE_IDENTIFIER = "com.omer.Weather-Info";
				PRODUCT_NAME = "$(TARGET_NAME)";
				SWIFT_VERSION = 5.0;
				TARGETED_DEVICE_FAMILY = "1,2";
			};
			name = Release;
		};
		4B91447326FC076600D3FCFC /* Debug */ = {
			isa = XCBuildConfiguration;
			baseConfigurationReference = D1EC81A528092E2AF18A13AE /* Pods-Weather InfoTests.debug.xcconfig */;
			buildSettings = {
				ALWAYS_EMBED_SWIFT_STANDARD_LIBRARIES = YES;
				BUNDLE_LOADER = "$(TEST_HOST)";
				CODE_SIGN_STYLE = Automatic;
				DEVELOPMENT_TEAM = 9QGAX4ZPQ5;
				INFOPLIST_FILE = "Weather InfoTests/Info.plist";
				IPHONEOS_DEPLOYMENT_TARGET = 14.5;
				LD_RUNPATH_SEARCH_PATHS = (
					"$(inherited)",
					"@executable_path/Frameworks",
					"@loader_path/Frameworks",
				);
				PRODUCT_BUNDLE_IDENTIFIER = "com.omer.Weather-InfoTests";
				PRODUCT_NAME = "$(TARGET_NAME)";
				SWIFT_VERSION = 5.0;
				TARGETED_DEVICE_FAMILY = "1,2";
				TEST_HOST = "$(BUILT_PRODUCTS_DIR)/Weather Info.app/Weather Info";
			};
			name = Debug;
		};
		4B91447426FC076600D3FCFC /* Release */ = {
			isa = XCBuildConfiguration;
			baseConfigurationReference = 53C6B08F0997E3E647B6262B /* Pods-Weather InfoTests.release.xcconfig */;
			buildSettings = {
				ALWAYS_EMBED_SWIFT_STANDARD_LIBRARIES = YES;
				BUNDLE_LOADER = "$(TEST_HOST)";
				CODE_SIGN_STYLE = Automatic;
				DEVELOPMENT_TEAM = 9QGAX4ZPQ5;
				INFOPLIST_FILE = "Weather InfoTests/Info.plist";
				IPHONEOS_DEPLOYMENT_TARGET = 14.5;
				LD_RUNPATH_SEARCH_PATHS = (
					"$(inherited)",
					"@executable_path/Frameworks",
					"@loader_path/Frameworks",
				);
				PRODUCT_BUNDLE_IDENTIFIER = "com.omer.Weather-InfoTests";
				PRODUCT_NAME = "$(TARGET_NAME)";
				SWIFT_VERSION = 5.0;
				TARGETED_DEVICE_FAMILY = "1,2";
				TEST_HOST = "$(BUILT_PRODUCTS_DIR)/Weather Info.app/Weather Info";
			};
			name = Release;
		};
		4B91447626FC076600D3FCFC /* Debug */ = {
			isa = XCBuildConfiguration;
			baseConfigurationReference = A9BF9AD19E5A9B1D41CD4C62 /* Pods-Weather Info-Weather InfoUITests.debug.xcconfig */;
			buildSettings = {
				ALWAYS_EMBED_SWIFT_STANDARD_LIBRARIES = YES;
				CODE_SIGN_STYLE = Automatic;
				DEVELOPMENT_TEAM = 9QGAX4ZPQ5;
				INFOPLIST_FILE = "Weather InfoUITests/Info.plist";
				LD_RUNPATH_SEARCH_PATHS = (
					"$(inherited)",
					"@executable_path/Frameworks",
					"@loader_path/Frameworks",
				);
				PRODUCT_BUNDLE_IDENTIFIER = "com.omer.Weather-InfoUITests";
				PRODUCT_NAME = "$(TARGET_NAME)";
				SWIFT_VERSION = 5.0;
				TARGETED_DEVICE_FAMILY = "1,2";
				TEST_TARGET_NAME = "Weather Info";
			};
			name = Debug;
		};
		4B91447726FC076600D3FCFC /* Release */ = {
			isa = XCBuildConfiguration;
			baseConfigurationReference = 609C9BF115F50F778E464F66 /* Pods-Weather Info-Weather InfoUITests.release.xcconfig */;
			buildSettings = {
				ALWAYS_EMBED_SWIFT_STANDARD_LIBRARIES = YES;
				CODE_SIGN_STYLE = Automatic;
				DEVELOPMENT_TEAM = 9QGAX4ZPQ5;
				INFOPLIST_FILE = "Weather InfoUITests/Info.plist";
				LD_RUNPATH_SEARCH_PATHS = (
					"$(inherited)",
					"@executable_path/Frameworks",
					"@loader_path/Frameworks",
				);
				PRODUCT_BUNDLE_IDENTIFIER = "com.omer.Weather-InfoUITests";
				PRODUCT_NAME = "$(TARGET_NAME)";
				SWIFT_VERSION = 5.0;
				TARGETED_DEVICE_FAMILY = "1,2";
				TEST_TARGET_NAME = "Weather Info";
			};
			name = Release;
		};
/* End XCBuildConfiguration section */

/* Begin XCConfigurationList section */
		4B91444026FC076500D3FCFC /* Build configuration list for PBXProject "Weather Info" */ = {
			isa = XCConfigurationList;
			buildConfigurations = (
				4B91446D26FC076600D3FCFC /* Debug */,
				4B91446E26FC076600D3FCFC /* Release */,
			);
			defaultConfigurationIsVisible = 0;
			defaultConfigurationName = Release;
		};
		4B91446F26FC076600D3FCFC /* Build configuration list for PBXNativeTarget "Weather Info" */ = {
			isa = XCConfigurationList;
			buildConfigurations = (
				4B91447026FC076600D3FCFC /* Debug */,
				4B91447126FC076600D3FCFC /* Release */,
			);
			defaultConfigurationIsVisible = 0;
			defaultConfigurationName = Release;
		};
		4B91447226FC076600D3FCFC /* Build configuration list for PBXNativeTarget "Weather InfoTests" */ = {
			isa = XCConfigurationList;
			buildConfigurations = (
				4B91447326FC076600D3FCFC /* Debug */,
				4B91447426FC076600D3FCFC /* Release */,
			);
			defaultConfigurationIsVisible = 0;
			defaultConfigurationName = Release;
		};
		4B91447526FC076600D3FCFC /* Build configuration list for PBXNativeTarget "Weather InfoUITests" */ = {
			isa = XCConfigurationList;
			buildConfigurations = (
				4B91447626FC076600D3FCFC /* Debug */,
				4B91447726FC076600D3FCFC /* Release */,
			);
			defaultConfigurationIsVisible = 0;
			defaultConfigurationName = Release;
		};
/* End XCConfigurationList section */
	};
	rootObject = 4B91443D26FC076500D3FCFC /* Project object */;
}
